
Microsoft Visual Studio Solution File, Format Version 12.00
# Visual Studio Version 16
VisualStudioVersion = 16.0.31515.178
MinimumVisualStudioVersion = 10.0.40219.1
Project("{FAE04EC0-301F-11D3-BF4B-00C04F79EFBC}") = "DinisProjecto4.Android", "DinisProjecto4\DinisProjecto4.Android\DinisProjecto4.Android.csproj", "{2BA6714E-52F8-4606-B2B4-1B5270A30335}"
EndProject
Project("{FAE04EC0-301F-11D3-BF4B-00C04F79EFBC}") = "DinisProjecto4.iOS", "DinisProjecto4\DinisProjecto4.iOS\DinisProjecto4.iOS.csproj", "{1FDF46BC-B485-4CCA-8B39-3233F3C23DBC}"
EndProject
Project("{FAE04EC0-301F-11D3-BF4B-00C04F79EFBC}") = "DinisProjecto4", "DinisProjecto4\DinisProjecto4\DinisProjecto4.csproj", "{80DDA2E4-BE51-4D3E-85F5-9F9D3241BCB7}"
EndProject
Global
	GlobalSection(SolutionConfigurationPlatforms) = preSolution
		Debug|Any CPU = Debug|Any CPU
		Debug|iPhone = Debug|iPhone
		Debug|iPhoneSimulator = Debug|iPhoneSimulator
		Release|Any CPU = Release|Any CPU
		Release|iPhone = Release|iPhone
		Release|iPhoneSimulator = Release|iPhoneSimulator
	EndGlobalSection
	GlobalSection(ProjectConfigurationPlatforms) = postSolution
		{2BA6714E-52F8-4606-B2B4-1B5270A30335}.Debug|Any CPU.ActiveCfg = Debug|Any CPU
		{2BA6714E-52F8-4606-B2B4-1B5270A30335}.Debug|Any CPU.Build.0 = Debug|Any CPU
		{2BA6714E-52F8-4606-B2B4-1B5270A30335}.Debug|Any CPU.Deploy.0 = Debug|Any CPU
		{2BA6714E-52F8-4606-B2B4-1B5270A30335}.Debug|iPhone.ActiveCfg = Debug|Any CPU
		{2BA6714E-52F8-4606-B2B4-1B5270A30335}.Debug|iPhone.Build.0 = Debug|Any CPU
		{2BA6714E-52F8-4606-B2B4-1B5270A30335}.Debug|iPhone.Deploy.0 = Debug|Any CPU
		{2BA6714E-52F8-4606-B2B4-1B5270A30335}.Debug|iPhoneSimulator.ActiveCfg = Debug|Any CPU
		{2BA6714E-52F8-4606-B2B4-1B5270A30335}.Debug|iPhoneSimulator.Build.0 = Debug|Any CPU
		{2BA6714E-52F8-4606-B2B4-1B5270A30335}.Debug|iPhoneSimulator.Deploy.0 = Debug|Any CPU
		{2BA6714E-52F8-4606-B2B4-1B5270A30335}.Release|Any CPU.ActiveCfg = Release|Any CPU
		{2BA6714E-52F8-4606-B2B4-1B5270A30335}.Release|Any CPU.Build.0 = Release|Any CPU
		{2BA6714E-52F8-4606-B2B4-1B5270A30335}.Release|Any CPU.Deploy.0 = Release|Any CPU
		{2BA6714E-52F8-4606-B2B4-1B5270A30335}.Release|iPhone.ActiveCfg = Release|Any CPU
		{2BA6714E-52F8-4606-B2B4-1B5270A30335}.Release|iPhone.Build.0 = Release|Any CPU
		{2BA6714E-52F8-4606-B2B4-1B5270A30335}.Release|iPhone.Deploy.0 = Release|Any CPU
		{2BA6714E-52F8-4606-B2B4-1B5270A30335}.Release|iPhoneSimulator.ActiveCfg = Release|Any CPU
		{2BA6714E-52F8-4606-B2B4-1B5270A30335}.Release|iPhoneSimulator.Build.0 = Release|Any CPU
		{2BA6714E-52F8-4606-B2B4-1B5270A30335}.Release|iPhoneSimulator.Deploy.0 = Release|Any CPU
		{1FDF46BC-B485-4CCA-8B39-3233F3C23DBC}.Debug|Any CPU.ActiveCfg = Debug|iPhone
		{1FDF46BC-B485-4CCA-8B39-3233F3C23DBC}.Debug|Any CPU.Build.0 = Debug|iPhone
		{1FDF46BC-B485-4CCA-8B39-3233F3C23DBC}.Debug|Any CPU.Deploy.0 = Debug|iPhone
		{1FDF46BC-B485-4CCA-8B39-3233F3C23DBC}.Debug|iPhone.ActiveCfg = Debug|iPhone
		{1FDF46BC-B485-4CCA-8B39-3233F3C23DBC}.Debug|iPhone.Build.0 = Debug|iPhone
		{1FDF46BC-B485-4CCA-8B39-3233F3C23DBC}.Debug|iPhone.Deploy.0 = Debug|iPhone
		{1FDF46BC-B485-4CCA-8B39-3233F3C23DBC}.Debug|iPhoneSimulator.ActiveCfg = Debug|iPhoneSimulator
		{1FDF46BC-B485-4CCA-8B39-3233F3C23DBC}.Debug|iPhoneSimulator.Build.0 = Debug|iPhoneSimulator
		{1FDF46BC-B485-4CCA-8B39-3233F3C23DBC}.Debug|iPhoneSimulator.Deploy.0 = Debug|iPhoneSimulator
		{1FDF46BC-B485-4CCA-8B39-3233F3C23DBC}.Release|Any CPU.ActiveCfg = Release|iPhoneSimulator
		{1FDF46BC-B485-4CCA-8B39-3233F3C23DBC}.Release|Any CPU.Build.0 = Release|iPhoneSimulator
		{1FDF46BC-B485-4CCA-8B39-3233F3C23DBC}.Release|Any CPU.Deploy.0 = Release|iPhoneSimulator
		{1FDF46BC-B485-4CCA-8B39-3233F3C23DBC}.Release|iPhone.ActiveCfg = Release|iPhone
		{1FDF46BC-B485-4CCA-8B39-3233F3C23DBC}.Release|iPhone.Build.0 = Release|iPhone
		{1FDF46BC-B485-4CCA-8B39-3233F3C23DBC}.Release|iPhone.Deploy.0 = Release|iPhone
		{1FDF46BC-B485-4CCA-8B39-3233F3C23DBC}.Release|iPhoneSimulator.ActiveCfg = Release|iPhoneSimulator
		{1FDF46BC-B485-4CCA-8B39-3233F3C23DBC}.Release|iPhoneSimulator.Build.0 = Release|iPhoneSimulator
		{1FDF46BC-B485-4CCA-8B39-3233F3C23DBC}.Release|iPhoneSimulator.Deploy.0 = Release|iPhoneSimulator
		{80DDA2E4-BE51-4D3E-85F5-9F9D3241BCB7}.Debug|Any CPU.ActiveCfg = Debug|Any CPU
		{80DDA2E4-BE51-4D3E-85F5-9F9D3241BCB7}.Debug|Any CPU.Build.0 = Debug|Any CPU
		{80DDA2E4-BE51-4D3E-85F5-9F9D3241BCB7}.Debug|Any CPU.Deploy.0 = Debug|Any CPU
		{80DDA2E4-BE51-4D3E-85F5-9F9D3241BCB7}.Debug|iPhone.ActiveCfg = Debug|Any CPU
		{80DDA2E4-BE51-4D3E-85F5-9F9D3241BCB7}.Debug|iPhone.Build.0 = Debug|Any CPU
		{80DDA2E4-BE51-4D3E-85F5-9F9D3241BCB7}.Debug|iPhone.Deploy.0 = Debug|Any CPU
		{80DDA2E4-BE51-4D3E-85F5-9F9D3241BCB7}.Debug|iPhoneSimulator.ActiveCfg = Debug|Any CPU
		{80DDA2E4-BE51-4D3E-85F5-9F9D3241BCB7}.Debug|iPhoneSimulator.Build.0 = Debug|Any CPU
		{80DDA2E4-BE51-4D3E-85F5-9F9D3241BCB7}.Debug|iPhoneSimulator.Deploy.0 = Debug|Any CPU
		{80DDA2E4-BE51-4D3E-85F5-9F9D3241BCB7}.Release|Any CPU.ActiveCfg = Release|Any CPU
		{80DDA2E4-BE51-4D3E-85F5-9F9D3241BCB7}.Release|Any CPU.Build.0 = Release|Any CPU
		{80DDA2E4-BE51-4D3E-85F5-9F9D3241BCB7}.Release|Any CPU.Deploy.0 = Release|Any CPU
		{80DDA2E4-BE51-4D3E-85F5-9F9D3241BCB7}.Release|iPhone.ActiveCfg = Release|Any CPU
		{80DDA2E4-BE51-4D3E-85F5-9F9D3241BCB7}.Release|iPhone.Build.0 = Release|Any CPU
		{80DDA2E4-BE51-4D3E-85F5-9F9D3241BCB7}.Release|iPhone.Deploy.0 = Release|Any CPU
		{80DDA2E4-BE51-4D3E-85F5-9F9D3241BCB7}.Release|iPhoneSimulator.ActiveCfg = Release|Any CPU
		{80DDA2E4-BE51-4D3E-85F5-9F9D3241BCB7}.Release|iPhoneSimulator.Build.0 = Release|Any CPU
		{80DDA2E4-BE51-4D3E-85F5-9F9D3241BCB7}.Release|iPhoneSimulator.Deploy.0 = Release|Any CPU
	EndGlobalSection
	GlobalSection(SolutionProperties) = preSolution
		HideSolutionNode = FALSE
	EndGlobalSection
	GlobalSection(ExtensibilityGlobals) = postSolution
		SolutionGuid = {C3C0736B-CEF9-4D6A-ABE6-4932724B3579}
	EndGlobalSection
EndGlobal
